
Microsoft Visual Studio Solution File, Format Version 12.00
# Visual Studio Version 16
VisualStudioVersion = 16.0.31702.278
MinimumVisualStudioVersion = 10.0.40219.1
Project("{9A19103F-16F7-4668-BE54-9A1E7A4F7556}") = "GraphAlgorithms", "GraphAlgorithms\GraphAlgorithms.csproj", "{8D598777-7A53-44AB-8140-F8BF3A8619E8}"
EndProject
Project("{FAE04EC0-301F-11D3-BF4B-00C04F79EFBC}") = "GraphAlgorithmsTests", "GraphAlgorithmsTests\GraphAlgorithmsTests.csproj", "{2E2FC24E-28B6-4785-B349-C7016A4FC027}"
EndProject
Global
	GlobalSection(SolutionConfigurationPlatforms) = preSolution
		Debug|Any CPU = Debug|Any CPU
		Release|Any CPU = Release|Any CPU
	EndGlobalSection
	GlobalSection(ProjectConfigurationPlatforms) = postSolution
		{8D598777-7A53-44AB-8140-F8BF3A8619E8}.Debug|Any CPU.ActiveCfg = Debug|Any CPU
		{8D598777-7A53-44AB-8140-F8BF3A8619E8}.Debug|Any CPU.Build.0 = Debug|Any CPU
		{8D598777-7A53-44AB-8140-F8BF3A8619E8}.Release|Any CPU.ActiveCfg = Release|Any CPU
		{8D598777-7A53-44AB-8140-F8BF3A8619E8}.Release|Any CPU.Build.0 = Release|Any CPU
		{2E2FC24E-28B6-4785-B349-C7016A4FC027}.Debug|Any CPU.ActiveCfg = Debug|Any CPU
		{2E2FC24E-28B6-4785-B349-C7016A4FC027}.Debug|Any CPU.Build.0 = Debug|Any CPU
		{2E2FC24E-28B6-4785-B349-C7016A4FC027}.Release|Any CPU.ActiveCfg = Release|Any CPU
		{2E2FC24E-28B6-4785-B349-C7016A4FC027}.Release|Any CPU.Build.0 = Release|Any CPU
	EndGlobalSection
	GlobalSection(SolutionProperties) = preSolution
		HideSolutionNode = FALSE
	EndGlobalSection
	GlobalSection(ExtensibilityGlobals) = postSolution
		SolutionGuid = {2455EF00-C74B-4EED-B5BD-5688D2BCD9F3}
	EndGlobalSection
EndGlobal
